{
    "requires": true,
    "lockfileVersion": 1,
    "dependencies": {
        "bulma": {
            "version": "0.7.2",
            "resolved": "https://registry.npmjs.org/bulma/-/bulma-0.7.2.tgz",
            "integrity": "sha512-6JHEu8U/1xsyOst/El5ImLcZIiE2JFXgvrz8GGWbnDLwTNRPJzdAM0aoUM1Ns0avALcVb6KZz9NhzmU53dGDcQ=="
        },
        "vue": {
            "version": "2.5.17",
            "resolved": "https://registry.npmjs.org/vue/-/vue-2.5.17.tgz",
            "integrity": "sha512-mFbcWoDIJi0w0Za4emyLiW72Jae0yjANHbCVquMKijcavBGypqlF7zHRgMa5k4sesdv7hv2rB4JPdZfR+TPfhQ=="
        },
        "vue-date-pick": {
            "version": "1.0.4",
            "resolved": "https://registry.npmjs.org/vue-date-pick/-/vue-date-pick-1.0.4.tgz",
            "integrity": "sha512-VxGo8kQIvrlOsCLJB9CqnVDspn8brdUObyBR7d1yKInst2S43c7/8oe1AXdAbhrd7YK5g8johNtIOw3dkjGvcQ==",
            "requires": {
                "vue": "^2.5.17"
            }
        },
        "vue2-slot-calendar": {
            "version": "2.2.3",
            "resolved": "https://registry.npmjs.org/vue2-slot-calendar/-/vue2-slot-calendar-2.2.3.tgz",
            "integrity": "sha512-87YMIqKCsLC7fNk391A9+7btSCFFFMqwD2o8acLmfCb1J3sDQFWDGQb51Ui1sREyFMs0l/fLY0LZTyfMlciBrA=="
        },
        "vuejs-datepicker": {
            "version": "1.5.4",
            "resolved": "https://registry.npmjs.org/vuejs-datepicker/-/vuejs-datepicker-1.5.4.tgz",
            "integrity": "sha512-AVzgu3pb/fF/Sj3qu8YPnp7KhtsXkm8TSnBEcyYsWb1bMJr5FdPCxuIzISgw5kq0It7HkVJUGXQ4CiCwq9hhww=="
        }
    }
}
